// !$*UTF8*$!
{
	archiveVersion = 1;
	classes = {
	};
	objectVersion = 46;
	objects = {

/* Begin PBXBuildFile section */
		44EBF5741DD93DBB001B064E /* AppDelegate.swift in Sources */ = {isa = PBXBuildFile; fileRef = 44EBF5731DD93DBB001B064E /* AppDelegate.swift */; };
		44EBF5761DD93DBB001B064E /* ViewController.swift in Sources */ = {isa = PBXBuildFile; fileRef = 44EBF5751DD93DBB001B064E /* ViewController.swift */; };
		44EBF5791DD93DBB001B064E /* Main.storyboard in Resources */ = {isa = PBXBuildFile; fileRef = 44EBF5771DD93DBB001B064E /* Main.storyboard */; };
		44EBF57B1DD93DBB001B064E /* Assets.xcassets in Resources */ = {isa = PBXBuildFile; fileRef = 44EBF57A1DD93DBB001B064E /* Assets.xcassets */; };
		44EBF57E1DD93DBB001B064E /* LaunchScreen.storyboard in Resources */ = {isa = PBXBuildFile; fileRef = 44EBF57C1DD93DBB001B064E /* LaunchScreen.storyboard */; };
		44EBF5891DD93DBB001B064E /* PokedexTests.swift in Sources */ = {isa = PBXBuildFile; fileRef = 44EBF5881DD93DBB001B064E /* PokedexTests.swift */; };
		44EBF5941DD93DBB001B064E /* PokedexUITests.swift in Sources */ = {isa = PBXBuildFile; fileRef = 44EBF5931DD93DBB001B064E /* PokedexUITests.swift */; };
		44EBF5A21DD94D9F001B064E /* pokemon.csv in Resources */ = {isa = PBXBuildFile; fileRef = 44EBF5A11DD94D9F001B064E /* pokemon.csv */; };
/* End PBXBuildFile section */

/* Begin PBXContainerItemProxy section */
		44EBF5851DD93DBB001B064E /* PBXContainerItemProxy */ = {
			isa = PBXContainerItemProxy;
			containerPortal = 44EBF5681DD93DBB001B064E /* Project object */;
			proxyType = 1;
			remoteGlobalIDString = 44EBF56F1DD93DBB001B064E;
			remoteInfo = Pokedex;
		};
		44EBF5901DD93DBB001B064E /* PBXContainerItemProxy */ = {
			isa = PBXContainerItemProxy;
			containerPortal = 44EBF5681DD93DBB001B064E /* Project object */;
			proxyType = 1;
			remoteGlobalIDString = 44EBF56F1DD93DBB001B064E;
			remoteInfo = Pokedex;
		};
/* End PBXContainerItemProxy section */

/* Begin PBXFileReference section */
		44EBF5701DD93DBB001B064E /* Pokedex.app */ = {isa = PBXFileReference; explicitFileType = wrapper.application; includeInIndex = 0; path = Pokedex.app; sourceTree = BUILT_PRODUCTS_DIR; };
		44EBF5731DD93DBB001B064E /* AppDelegate.swift */ = {isa = PBXFileReference; lastKnownFileType = sourcecode.swift; path = AppDelegate.swift; sourceTree = "<group>"; };
		44EBF5751DD93DBB001B064E /* ViewController.swift */ = {isa = PBXFileReference; lastKnownFileType = sourcecode.swift; path = ViewController.swift; sourceTree = "<group>"; };
		44EBF5781DD93DBB001B064E /* Base */ = {isa = PBXFileReference; lastKnownFileType = file.storyboard; name = Base; path = Base.lproj/Main.storyboard; sourceTree = "<group>"; };
		44EBF57A1DD93DBB001B064E /* Assets.xcassets */ = {isa = PBXFileReference; lastKnownFileType = folder.assetcatalog; path = Assets.xcassets; sourceTree = "<group>"; };
		44EBF57D1DD93DBB001B064E /* Base */ = {isa = PBXFileReference; lastKnownFileType = file.storyboard; name = Base; path = Base.lproj/LaunchScreen.storyboard; sourceTree = "<group>"; };
		44EBF57F1DD93DBB001B064E /* Info.plist */ = {isa = PBXFileReference; lastKnownFileType = text.plist.xml; path = Info.plist; sourceTree = "<group>"; };
		44EBF5841DD93DBB001B064E /* PokedexTests.xctest */ = {isa = PBXFileReference; explicitFileType = wrapper.cfbundle; includeInIndex = 0; path = PokedexTests.xctest; sourceTree = BUILT_PRODUCTS_DIR; };
		44EBF5881DD93DBB001B064E /* PokedexTests.swift */ = {isa = PBXFileReference; lastKnownFileType = sourcecode.swift; path = PokedexTests.swift; sourceTree = "<group>"; };
		44EBF58A1DD93DBB001B064E /* Info.plist */ = {isa = PBXFileReference; lastKnownFileType = text.plist.xml; path = Info.plist; sourceTree = "<group>"; };
		44EBF58F1DD93DBB001B064E /* PokedexUITests.xctest */ = {isa = PBXFileReference; explicitFileType = wrapper.cfbundle; includeInIndex = 0; path = PokedexUITests.xctest; sourceTree = BUILT_PRODUCTS_DIR; };
		44EBF5931DD93DBB001B064E /* PokedexUITests.swift */ = {isa = PBXFileReference; lastKnownFileType = sourcecode.swift; path = PokedexUITests.swift; sourceTree = "<group>"; };
		44EBF5951DD93DBB001B064E /* Info.plist */ = {isa = PBXFileReference; lastKnownFileType = text.plist.xml; path = Info.plist; sourceTree = "<group>"; };
		44EBF5A11DD94D9F001B064E /* pokemon.csv */ = {isa = PBXFileReference; fileEncoding = 4; lastKnownFileType = text; path = pokemon.csv; sourceTree = "<group>"; };
/* End PBXFileReference section */

/* Begin PBXFrameworksBuildPhase section */
		44EBF56D1DD93DBB001B064E /* Frameworks */ = {
			isa = PBXFrameworksBuildPhase;
			buildActionMask = 2147483647;
			files = (
			);
			runOnlyForDeploymentPostprocessing = 0;
		};
		44EBF5811DD93DBB001B064E /* Frameworks */ = {
			isa = PBXFrameworksBuildPhase;
			buildActionMask = 2147483647;
			files = (
			);
			runOnlyForDeploymentPostprocessing = 0;
		};
		44EBF58C1DD93DBB001B064E /* Frameworks */ = {
			isa = PBXFrameworksBuildPhase;
			buildActionMask = 2147483647;
			files = (
			);
			runOnlyForDeploymentPostprocessing = 0;
		};
/* End PBXFrameworksBuildPhase section */

/* Begin PBXGroup section */
		44EBF5671DD93DBB001B064E = {
			isa = PBXGroup;
			children = (
				44EBF5721DD93DBB001B064E /* Pokedex */,
				44EBF5871DD93DBB001B064E /* PokedexTests */,
				44EBF5921DD93DBB001B064E /* PokedexUITests */,
				44EBF5711DD93DBB001B064E /* Products */,
			);
			sourceTree = "<group>";
		};
		44EBF5711DD93DBB001B064E /* Products */ = {
			isa = PBXGroup;
			children = (
				44EBF5701DD93DBB001B064E /* Pokedex.app */,
				44EBF5841DD93DBB001B064E /* PokedexTests.xctest */,
				44EBF58F1DD93DBB001B064E /* PokedexUITests.xctest */,
			);
			name = Products;
			sourceTree = "<group>";
		};
		44EBF5721DD93DBB001B064E /* Pokedex */ = {
			isa = PBXGroup;
			children = (
				44EBF5731DD93DBB001B064E /* AppDelegate.swift */,
				44EBF5751DD93DBB001B064E /* ViewController.swift */,
				44EBF5771DD93DBB001B064E /* Main.storyboard */,
				44EBF57A1DD93DBB001B064E /* Assets.xcassets */,
				44EBF5A11DD94D9F001B064E /* pokemon.csv */,
				44EBF57C1DD93DBB001B064E /* LaunchScreen.storyboard */,
				44EBF57F1DD93DBB001B064E /* Info.plist */,
			);
			path = Pokedex;
			sourceTree = "<group>";
		};
		44EBF5871DD93DBB001B064E /* PokedexTests */ = {
			isa = PBXGroup;
			children = (
				44EBF5881DD93DBB001B064E /* PokedexTests.swift */,
				44EBF58A1DD93DBB001B064E /* Info.plist */,
			);
			path = PokedexTests;
			sourceTree = "<group>";
		};
		44EBF5921DD93DBB001B064E /* PokedexUITests */ = {
			isa = PBXGroup;
			children = (
				44EBF5931DD93DBB001B064E /* PokedexUITests.swift */,
				44EBF5951DD93DBB001B064E /* Info.plist */,
			);
			path = PokedexUITests;
			sourceTree = "<group>";
		};
/* End PBXGroup section */

/* Begin PBXNativeTarget section */
		44EBF56F1DD93DBB001B064E /* Pokedex */ = {
			isa = PBXNativeTarget;
			buildConfigurationList = 44EBF5981DD93DBB001B064E /* Build configuration list for PBXNativeTarget "Pokedex" */;
			buildPhases = (
				44EBF56C1DD93DBB001B064E /* Sources */,
				44EBF56D1DD93DBB001B064E /* Frameworks */,
				44EBF56E1DD93DBB001B064E /* Resources */,
			);
			buildRules = (
			);
			dependencies = (
			);
			name = Pokedex;
			productName = Pokedex;
			productReference = 44EBF5701DD93DBB001B064E /* Pokedex.app */;
			productType = "com.apple.product-type.application";
		};
		44EBF5831DD93DBB001B064E /* PokedexTests */ = {
			isa = PBXNativeTarget;
			buildConfigurationList = 44EBF59B1DD93DBB001B064E /* Build configuration list for PBXNativeTarget "PokedexTests" */;
			buildPhases = (
				44EBF5801DD93DBB001B064E /* Sources */,
				44EBF5811DD93DBB001B064E /* Frameworks */,
				44EBF5821DD93DBB001B064E /* Resources */,
			);
			buildRules = (
			);
			dependencies = (
				44EBF5861DD93DBB001B064E /* PBXTargetDependency */,
			);
			name = PokedexTests;
			productName = PokedexTests;
			productReference = 44EBF5841DD93DBB001B064E /* PokedexTests.xctest */;
			productType = "com.apple.product-type.bundle.unit-test";
		};
		44EBF58E1DD93DBB001B064E /* PokedexUITests */ = {
			isa = PBXNativeTarget;
			buildConfigurationList = 44EBF59E1DD93DBB001B064E /* Build configuration list for PBXNativeTarget "PokedexUITests" */;
			buildPhases = (
				44EBF58B1DD93DBB001B064E /* Sources */,
				44EBF58C1DD93DBB001B064E /* Frameworks */,
				44EBF58D1DD93DBB001B064E /* Resources */,
			);
			buildRules = (
			);
			dependencies = (
				44EBF5911DD93DBB001B064E /* PBXTargetDependency */,
			);
			name = PokedexUITests;
			productName = PokedexUITests;
			productReference = 44EBF58F1DD93DBB001B064E /* PokedexUITests.xctest */;
			productType = "com.apple.product-type.bundle.ui-testing";
		};
/* End PBXNativeTarget section */

/* Begin PBXProject section */
		44EBF5681DD93DBB001B064E /* Project object */ = {
			isa = PBXProject;
			attributes = {
				LastSwiftUpdateCheck = 0810;
				LastUpgradeCheck = 0810;
				ORGANIZATIONNAME = "Evgeny Shkuratov";
				TargetAttributes = {
					44EBF56F1DD93DBB001B064E = {
						CreatedOnToolsVersion = 8.1;
						DevelopmentTeam = 6M25Y2RLSL;
						ProvisioningStyle = Automatic;
					};
					44EBF5831DD93DBB001B064E = {
						CreatedOnToolsVersion = 8.1;
						DevelopmentTeam = 6M25Y2RLSL;
						ProvisioningStyle = Automatic;
						TestTargetID = 44EBF56F1DD93DBB001B064E;
					};
					44EBF58E1DD93DBB001B064E = {
						CreatedOnToolsVersion = 8.1;
						DevelopmentTeam = 6M25Y2RLSL;
						ProvisioningStyle = Automatic;
						TestTargetID = 44EBF56F1DD93DBB001B064E;
					};
				};
			};
			buildConfigurationList = 44EBF56B1DD93DBB001B064E /* Build configuration list for PBXProject "Pokedex" */;
			compatibilityVersion = "Xcode 3.2";
			developmentRegion = English;
			hasScannedForEncodings = 0;
			knownRegions = (
				en,
				Base,
			);
			mainGroup = 44EBF5671DD93DBB001B064E;
			productRefGroup = 44EBF5711DD93DBB001B064E /* Products */;
			projectDirPath = "";
			projectRoot = "";
			targets = (
				44EBF56F1DD93DBB001B064E /* Pokedex */,
				44EBF5831DD93DBB001B064E /* PokedexTests */,
				44EBF58E1DD93DBB001B064E /* PokedexUITests */,
			);
		};
/* End PBXProject section */

/* Begin PBXResourcesBuildPhase section */
		44EBF56E1DD93DBB001B064E /* Resources */ = {
			isa = PBXResourcesBuildPhase;
			buildActionMask = 2147483647;
			files = (
				44EBF57E1DD93DBB001B064E /* LaunchScreen.storyboard in Resources */,
				44EBF57B1DD93DBB001B064E /* Assets.xcassets in Resources */,
				44EBF5A21DD94D9F001B064E /* pokemon.csv in Resources */,
				44EBF5791DD93DBB001B064E /* Main.storyboard in Resources */,
			);
			runOnlyForDeploymentPostprocessing = 0;
		};
		44EBF5821DD93DBB001B064E /* Resources */ = {
			isa = PBXResourcesBuildPhase;
			buildActionMask = 2147483647;
			files = (
			);
			runOnlyForDeploymentPostprocessing = 0;
		};
		44EBF58D1DD93DBB001B064E /* Resources */ = {
			isa = PBXResourcesBuildPhase;
			buildActionMask = 2147483647;
			files = (
			);
			runOnlyForDeploymentPostprocessing = 0;
		};
/* End PBXResourcesBuildPhase section */

/* Begin PBXSourcesBuildPhase section */
		44EBF56C1DD93DBB001B064E /* Sources */ = {
			isa = PBXSourcesBuildPhase;
			buildActionMask = 2147483647;
			files = (
				44EBF5761DD93DBB001B064E /* ViewController.swift in Sources */,
				44EBF5741DD93DBB001B064E /* AppDelegate.swift in Sources */,
			);
			runOnlyForDeploymentPostprocessing = 0;
		};
		44EBF5801DD93DBB001B064E /* Sources */ = {
			isa = PBXSourcesBuildPhase;
			buildActionMask = 2147483647;
			files = (
				44EBF5891DD93DBB001B064E /* PokedexTests.swift in Sources */,
			);
			runOnlyForDeploymentPostprocessing = 0;
		};
		44EBF58B1DD93DBB001B064E /* Sources */ = {
			isa = PBXSourcesBuildPhase;
			buildActionMask = 2147483647;
			files = (
				44EBF5941DD93DBB001B064E /* PokedexUITests.swift in Sources */,
			);
			runOnlyForDeploymentPostprocessing = 0;
		};
/* End PBXSourcesBuildPhase section */

/* Begin PBXTargetDependency section */
		44EBF5861DD93DBB001B064E /* PBXTargetDependency */ = {
			isa = PBXTargetDependency;
			target = 44EBF56F1DD93DBB001B064E /* Pokedex */;
			targetProxy = 44EBF5851DD93DBB001B064E /* PBXContainerItemProxy */;
		};
		44EBF5911DD93DBB001B064E /* PBXTargetDependency */ = {
			isa = PBXTargetDependency;
			target = 44EBF56F1DD93DBB001B064E /* Pokedex */;
			targetProxy = 44EBF5901DD93DBB001B064E /* PBXContainerItemProxy */;
		};
/* End PBXTargetDependency section */

/* Begin PBXVariantGroup section */
		44EBF5771DD93DBB001B064E /* Main.storyboard */ = {
			isa = PBXVariantGroup;
			children = (
				44EBF5781DD93DBB001B064E /* Base */,
			);
			name = Main.storyboard;
			sourceTree = "<group>";
		};
		44EBF57C1DD93DBB001B064E /* LaunchScreen.storyboard */ = {
			isa = PBXVariantGroup;
			children = (
				44EBF57D1DD93DBB001B064E /* Base */,
			);
			name = LaunchScreen.storyboard;
			sourceTree = "<group>";
		};
/* End PBXVariantGroup section */

/* Begin XCBuildConfiguration section */
		44EBF5961DD93DBB001B064E /* Debug */ = {
			isa = XCBuildConfiguration;
			buildSettings = {
				ALWAYS_SEARCH_USER_PATHS = NO;
				CLANG_ANALYZER_NONNULL = YES;
				CLANG_CXX_LANGUAGE_STANDARD = "gnu++0x";
				CLANG_CXX_LIBRARY = "libc++";
				CLANG_ENABLE_MODULES = YES;
				CLANG_ENABLE_OBJC_ARC = YES;
				CLANG_WARN_BOOL_CONVERSION = YES;
				CLANG_WARN_CONSTANT_CONVERSION = YES;
				CLANG_WARN_DIRECT_OBJC_ISA_USAGE = YES_ERROR;
				CLANG_WARN_DOCUMENTATION_COMMENTS = YES;
				CLANG_WARN_EMPTY_BODY = YES;
				CLANG_WARN_ENUM_CONVERSION = YES;
				CLANG_WARN_INFINITE_RECURSION = YES;
				CLANG_WARN_INT_CONVERSION = YES;
				CLANG_WARN_OBJC_ROOT_CLASS = YES_ERROR;
				CLANG_WARN_SUSPICIOUS_MOVES = YES;
				CLANG_WARN_UNREACHABLE_CODE = YES;
				CLANG_WARN__DUPLICATE_METHOD_MATCH = YES;
				"CODE_SIGN_IDENTITY[sdk=iphoneos*]" = "iPhone Developer";
				COPY_PHASE_STRIP = NO;
				DEBUG_INFORMATION_FORMAT = dwarf;
				ENABLE_STRICT_OBJC_MSGSEND = YES;
				ENABLE_TESTABILITY = YES;
				GCC_C_LANGUAGE_STANDARD = gnu99;
				GCC_DYNAMIC_NO_PIC = NO;
				GCC_NO_COMMON_BLOCKS = YES;
				GCC_OPTIMIZATION_LEVEL = 0;
				GCC_PREPROCESSOR_DEFINITIONS = (
					"DEBUG=1",
					"$(inherited)",
				);
				GCC_WARN_64_TO_32_BIT_CONVERSION = YES;
				GCC_WARN_ABOUT_RETURN_TYPE = YES_ERROR;
				GCC_WARN_UNDECLARED_SELECTOR = YES;
				GCC_WARN_UNINITIALIZED_AUTOS = YES_AGGRESSIVE;
				GCC_WARN_UNUSED_FUNCTION = YES;
				GCC_WARN_UNUSED_VARIABLE = YES;
				IPHONEOS_DEPLOYMENT_TARGET = 10.1;
				MTL_ENABLE_DEBUG_INFO = YES;
				ONLY_ACTIVE_ARCH = YES;
				SDKROOT = iphoneos;
				SWIFT_ACTIVE_COMPILATION_CONDITIONS = DEBUG;
				SWIFT_OPTIMIZATION_LEVEL = "-Onone";
				TARGETED_DEVICE_FAMILY = "1,2";
			};
			name = Debug;
		};
		44EBF5971DD93DBB001B064E /* Release */ = {
			isa = XCBuildConfiguration;
			buildSettings = {
				ALWAYS_SEARCH_USER_PATHS = NO;
				CLANG_ANALYZER_NONNULL = YES;
				CLANG_CXX_LANGUAGE_STANDARD = "gnu++0x";
				CLANG_CXX_LIBRARY = "libc++";
				CLANG_ENABLE_MODULES = YES;
				CLANG_ENABLE_OBJC_ARC = YES;
				CLANG_WARN_BOOL_CONVERSION = YES;
				CLANG_WARN_CONSTANT_CONVERSION = YES;
				CLANG_WARN_DIRECT_OBJC_ISA_USAGE = YES_ERROR;
				CLANG_WARN_DOCUMENTATION_COMMENTS = YES;
				CLANG_WARN_EMPTY_BODY = YES;
				CLANG_WARN_ENUM_CONVERSION = YES;
				CLANG_WARN_INFINITE_RECURSION = YES;
				CLANG_WARN_INT_CONVERSION = YES;
				CLANG_WARN_OBJC_ROOT_CLASS = YES_ERROR;
				CLANG_WARN_SUSPICIOUS_MOVES = YES;
				CLANG_WARN_UNREACHABLE_CODE = YES;
				CLANG_WARN__DUPLICATE_METHOD_MATCH = YES;
				"CODE_SIGN_IDENTITY[sdk=iphoneos*]" = "iPhone Developer";
				COPY_PHASE_STRIP = NO;
				DEBUG_INFORMATION_FORMAT = "dwarf-with-dsym";
				ENABLE_NS_ASSERTIONS = NO;
				ENABLE_STRICT_OBJC_MSGSEND = YES;
				GCC_C_LANGUAGE_STANDARD = gnu99;
				GCC_NO_COMMON_BLOCKS = YES;
				GCC_WARN_64_TO_32_BIT_CONVERSION = YES;
				GCC_WARN_ABOUT_RETURN_TYPE = YES_ERROR;
				GCC_WARN_UNDECLARED_SELECTOR = YES;
				GCC_WARN_UNINITIALIZED_AUTOS = YES_AGGRESSIVE;
				GCC_WARN_UNUSED_FUNCTION = YES;
				GCC_WARN_UNUSED_VARIABLE = YES;
				IPHONEOS_DEPLOYMENT_TARGET = 10.1;
				MTL_ENABLE_DEBUG_INFO = NO;
				SDKROOT = iphoneos;
				SWIFT_OPTIMIZATION_LEVEL = "-Owholemodule";
				TARGETED_DEVICE_FAMILY = "1,2";
				VALIDATE_PRODUCT = YES;
			};
			name = Release;
		};
		44EBF5991DD93DBB001B064E /* Debug */ = {
			isa = XCBuildConfiguration;
			buildSettings = {
				ASSETCATALOG_COMPILER_APPICON_NAME = AppIcon;
				DEVELOPMENT_TEAM = 6M25Y2RLSL;
				INFOPLIST_FILE = Pokedex/Info.plist;
				LD_RUNPATH_SEARCH_PATHS = "$(inherited) @executable_path/Frameworks";
				PRODUCT_BUNDLE_IDENTIFIER = com.eeboxapps.Pokedex;
				PRODUCT_NAME = "$(TARGET_NAME)";
				SWIFT_VERSION = 3.0;
			};
			name = Debug;
		};
		44EBF59A1DD93DBB001B064E /* Release */ = {
			isa = XCBuildConfiguration;
			buildSettings = {
				ASSETCATALOG_COMPILER_APPICON_NAME = AppIcon;
				DEVELOPMENT_TEAM = 6M25Y2RLSL;
				INFOPLIST_FILE = Pokedex/Info.plist;
				LD_RUNPATH_SEARCH_PATHS = "$(inherited) @executable_path/Frameworks";
				PRODUCT_BUNDLE_IDENTIFIER = com.eeboxapps.Pokedex;
				PRODUCT_NAME = "$(TARGET_NAME)";
				SWIFT_VERSION = 3.0;
			};
			name = Release;
		};
		44EBF59C1DD93DBB001B064E /* Debug */ = {
			isa = XCBuildConfiguration;
			buildSettings = {
				ALWAYS_EMBED_SWIFT_STANDARD_LIBRARIES = YES;
				BUNDLE_LOADER = "$(TEST_HOST)";
				DEVELOPMENT_TEAM = 6M25Y2RLSL;
				INFOPLIST_FILE = PokedexTests/Info.plist;
				LD_RUNPATH_SEARCH_PATHS = "$(inherited) @executable_path/Frameworks @loader_path/Frameworks";
				PRODUCT_BUNDLE_IDENTIFIER = com.eeboxapps.PokedexTests;
				PRODUCT_NAME = "$(TARGET_NAME)";
				SWIFT_VERSION = 3.0;
				TEST_HOST = "$(BUILT_PRODUCTS_DIR)/Pokedex.app/Pokedex";
			};
			name = Debug;
		};
		44EBF59D1DD93DBB001B064E /* Release */ = {
			isa = XCBuildConfiguration;
			buildSettings = {
				ALWAYS_EMBED_SWIFT_STANDARD_LIBRARIES = YES;
				BUNDLE_LOADER = "$(TEST_HOST)";
				DEVELOPMENT_TEAM = 6M25Y2RLSL;
				INFOPLIST_FILE = PokedexTests/Info.plist;
				LD_RUNPATH_SEARCH_PATHS = "$(inherited) @executable_path/Frameworks @loader_path/Frameworks";
				PRODUCT_BUNDLE_IDENTIFIER = com.eeboxapps.PokedexTests;
				PRODUCT_NAME = "$(TARGET_NAME)";
				SWIFT_VERSION = 3.0;
				TEST_HOST = "$(BUILT_PRODUCTS_DIR)/Pokedex.app/Pokedex";
			};
			name = Release;
		};
		44EBF59F1DD93DBB001B064E /* Debug */ = {
			isa = XCBuildConfiguration;
			buildSettings = {
				ALWAYS_EMBED_SWIFT_STANDARD_LIBRARIES = YES;
				DEVELOPMENT_TEAM = 6M25Y2RLSL;
				INFOPLIST_FILE = PokedexUITests/Info.plist;
				LD_RUNPATH_SEARCH_PATHS = "$(inherited) @executable_path/Frameworks @loader_path/Frameworks";
				PRODUCT_BUNDLE_IDENTIFIER = com.eeboxapps.PokedexUITests;
				PRODUCT_NAME = "$(TARGET_NAME)";
				SWIFT_VERSION = 3.0;
				TEST_TARGET_NAME = Pokedex;
			};
			name = Debug;
		};
		44EBF5A01DD93DBB001B064E /* Release */ = {
			isa = XCBuildConfiguration;
			buildSettings = {
				ALWAYS_EMBED_SWIFT_STANDARD_LIBRARIES = YES;
				DEVELOPMENT_TEAM = 6M25Y2RLSL;
				INFOPLIST_FILE = PokedexUITests/Info.plist;
				LD_RUNPATH_SEARCH_PATHS = "$(inherited) @executable_path/Frameworks @loader_path/Frameworks";
				PRODUCT_BUNDLE_IDENTIFIER = com.eeboxapps.PokedexUITests;
				PRODUCT_NAME = "$(TARGET_NAME)";
				SWIFT_VERSION = 3.0;
				TEST_TARGET_NAME = Pokedex;
			};
			name = Release;
		};
/* End XCBuildConfiguration section */

/* Begin XCConfigurationList section */
		44EBF56B1DD93DBB001B064E /* Build configuration list for PBXProject "Pokedex" */ = {
			isa = XCConfigurationList;
			buildConfigurations = (
				44EBF5961DD93DBB001B064E /* Debug */,
				44EBF5971DD93DBB001B064E /* Release */,
			);
			defaultConfigurationIsVisible = 0;
			defaultConfigurationName = Release;
		};
		44EBF5981DD93DBB001B064E /* Build configuration list for PBXNativeTarget "Pokedex" */ = {
			isa = XCConfigurationList;
			buildConfigurations = (
				44EBF5991DD93DBB001B064E /* Debug */,
				44EBF59A1DD93DBB001B064E /* Release */,
			);
			defaultConfigurationIsVisible = 0;
		};
		44EBF59B1DD93DBB001B064E /* Build configuration list for PBXNativeTarget "PokedexTests" */ = {
			isa = XCConfigurationList;
			buildConfigurations = (
				44EBF59C1DD93DBB001B064E /* Debug */,
				44EBF59D1DD93DBB001B064E /* Release */,
			);
			defaultConfigurationIsVisible = 0;
		};
		44EBF59E1DD93DBB001B064E /* Build configuration list for PBXNativeTarget "PokedexUITests" */ = {
			isa = XCConfigurationList;
			buildConfigurations = (
				44EBF59F1DD93DBB001B064E /* Debug */,
				44EBF5A01DD93DBB001B064E /* Release */,
			);
			defaultConfigurationIsVisible = 0;
		};
/* End XCConfigurationList section */
	};
	rootObject = 44EBF5681DD93DBB001B064E /* Project object */;
}
